PODS:
  - audioplayers_darwin (0.0.1):
    - Flutter
  - connectivity (0.0.1):
    - Flutter
    - Reachability
  - Flutter (1.0.0)
  - fluttertoast (0.0.2):
    - Flutter
    - Toast
  - package_info_plus (0.4.5):
    - Flutter
  - path_provider_foundation (0.0.1):
    - Flutter
    - FlutterMacOS
  - razorpay-pod (1.3.4)
  - razorpay_flutter (1.1.10):
    - Flutter
    - razorpay-pod
  - Reachability (3.2)
  - shared_preferences_foundation (0.0.1):
    - Flutter
    - FlutterMacOS
  - Stripe (23.18.3):
    - StripeApplePay (= 23.18.3)
    - StripeCore (= 23.18.3)
    - StripePayments (= 23.18.3)
    - StripePaymentsUI (= 23.18.3)
    - StripeUICore (= 23.18.3)
  - stripe_ios (0.0.1):
    - Flutter
    - Stripe (~> 23.18.0)
    - StripeApplePay (~> 23.18.0)
    - StripeFinancialConnections (~> 23.18.0)
    - StripePayments (~> 23.18.0)
    - StripePaymentSheet (~> 23.18.0)
    - StripePaymentsUI (~> 23.18.0)
  - StripeApplePay (23.18.3):
    - StripeCore (= 23.18.3)
  - StripeCore (23.18.3)
  - StripeFinancialConnections (23.18.3):
    - StripeCore (= 23.18.3)
    - StripeUICore (= 23.18.3)
  - StripePayments (23.18.3):
    - StripeCore (= 23.18.3)
    - StripePayments/Stripe3DS2 (= 23.18.3)
  - StripePayments/Stripe3DS2 (23.18.3):
    - StripeCore (= 23.18.3)
  - StripePaymentSheet (23.18.3):
    - StripeApplePay (= 23.18.3)
    - StripeCore (= 23.18.3)
    - StripePayments (= 23.18.3)
    - StripePaymentsUI (= 23.18.3)
  - StripePaymentsUI (23.18.3):
    - StripeCore (= 23.18.3)
    - StripePayments (= 23.18.3)
    - StripeUICore (= 23.18.3)
  - StripeUICore (23.18.3):
    - StripeCore (= 23.18.3)
  - Toast (4.1.0)
  - video_player_avfoundation (0.0.1):
    - Flutter

DEPENDENCIES:
  - audioplayers_darwin (from `.symlinks/plugins/audioplayers_darwin/ios`)
  - connectivity (from `.symlinks/plugins/connectivity/ios`)
  - Flutter (from `Flutter`)
  - fluttertoast (from `.symlinks/plugins/fluttertoast/ios`)
  - package_info_plus (from `.symlinks/plugins/package_info_plus/ios`)
  - path_provider_foundation (from `.symlinks/plugins/path_provider_foundation/ios`)
  - razorpay_flutter (from `.symlinks/plugins/razorpay_flutter/ios`)
  - shared_preferences_foundation (from `.symlinks/plugins/shared_preferences_foundation/ios`)
  - stripe_ios (from `.symlinks/plugins/stripe_ios/ios`)
  - video_player_avfoundation (from `.symlinks/plugins/video_player_avfoundation/ios`)

SPEC REPOS:
  trunk:
    - razorpay-pod
    - Reachability
    - Stripe
    - StripeApplePay
    - StripeCore
    - StripeFinancialConnections
    - StripePayments
    - StripePaymentSheet
    - StripePaymentsUI
    - StripeUICore
    - Toast

EXTERNAL SOURCES:
  audioplayers_darwin:
    :path: ".symlinks/plugins/audioplayers_darwin/ios"
  connectivity:
    :path: ".symlinks/plugins/connectivity/ios"
  Flutter:
    :path: Flutter
  fluttertoast:
    :path: ".symlinks/plugins/fluttertoast/ios"
  package_info_plus:
    :path: ".symlinks/plugins/package_info_plus/ios"
  path_provider_foundation:
    :path: ".symlinks/plugins/path_provider_foundation/ios"
  razorpay_flutter:
    :path: ".symlinks/plugins/razorpay_flutter/ios"
  shared_preferences_foundation:
    :path: ".symlinks/plugins/shared_preferences_foundation/ios"
  stripe_ios:
    :path: ".symlinks/plugins/stripe_ios/ios"
  video_player_avfoundation:
    :path: ".symlinks/plugins/video_player_avfoundation/ios"

SPEC CHECKSUMS:
  audioplayers_darwin: 877d9a4d06331c5c374595e46e16453ac7eafa40
  connectivity: c4130b2985d4ef6fd26f9702e886bd5260681467
  Flutter: f04841e97a9d0b0a8025694d0796dd46242b2854
  fluttertoast: 31b00dabfa7fb7bacd9e7dbee580d7a2ff4bf265
  package_info_plus: 115f4ad11e0698c8c1c5d8a689390df880f47e85
  path_provider_foundation: 29f094ae23ebbca9d3d0cec13889cd9060c0e943
  razorpay-pod: df3aa440969489d242c40ec606db9a0c7095743f
  razorpay_flutter: 84b3bfd206ae9c9c2a9ba585524a1b3d8102b6c1
  Reachability: 33e18b67625424e47b6cde6d202dce689ad7af96
  shared_preferences_foundation: 5b919d13b803cadd15ed2dc053125c68730e5126
  Stripe: e046335ab6e3f25d39f1a55bd98620a85269cffa
  stripe_ios: 37dd66ec680264019be16c5f47333f381164e6a6
  StripeApplePay: 1aa77f8ec7a6d9463fa8f49ae0672fe59dbf4c73
  StripeCore: fe10c34fb3c9ae18b986913f7e4460e7c653ce93
  StripeFinancialConnections: 6022426894046f26fe21d348da02d83d8a637fb0
  StripePayments: 7084fed30c5f03f15ae23c5dce63715ba0b53e15
  StripePaymentSheet: c8d25d4133476c6238d3cc932fb8219bb5ea49c0
  StripePaymentsUI: c12de264eda974d91e43a769f53a6c6afc9a1715
  StripeUICore: 090c4fe916d039616ce8f8de30392f4aeb33dd16
  Toast: ec33c32b8688982cecc6348adeae667c1b9938da
  video_player_avfoundation: 81e49bb3d9fb63dccf9fa0f6d877dc3ddbeac126

PODFILE CHECKSUM: 30517025a2fecca2d72dac25f08abb5b9a8f1a56

COCOAPODS: 1.13.0
